
Microsoft Visual Studio Solution File, Format Version 12.00
# Visual Studio Version 16
VisualStudioVersion = 16.0.31410.357
MinimumVisualStudioVersion = 10.0.40219.1
Project("{FAE04EC0-301F-11D3-BF4B-00C04F79EFBC}") = "DoChoiTreEmWeb", "DoChoiTreEmWeb\DoChoiTreEmWeb.csproj", "{78794B7D-6ED7-42A7-83A8-ED302B00DE3A}"
EndProject
Global
	GlobalSection(SolutionConfigurationPlatforms) = preSolution
		Debug|Any CPU = Debug|Any CPU
		Release|Any CPU = Release|Any CPU
	EndGlobalSection
	GlobalSection(ProjectConfigurationPlatforms) = postSolution
		{78794B7D-6ED7-42A7-83A8-ED302B00DE3A}.Debug|Any CPU.ActiveCfg = Debug|Any CPU
		{78794B7D-6ED7-42A7-83A8-ED302B00DE3A}.Debug|Any CPU.Build.0 = Debug|Any CPU
		{78794B7D-6ED7-42A7-83A8-ED302B00DE3A}.Release|Any CPU.ActiveCfg = Release|Any CPU
		{78794B7D-6ED7-42A7-83A8-ED302B00DE3A}.Release|Any CPU.Build.0 = Release|Any CPU
	EndGlobalSection
	GlobalSection(SolutionProperties) = preSolution
		HideSolutionNode = FALSE
	EndGlobalSection
	GlobalSection(ExtensibilityGlobals) = postSolution
		SolutionGuid = {19A0DB43-DC1D-4353-A48A-A0225D344638}
	EndGlobalSection
EndGlobal
